
Microsoft Visual Studio Solution File, Format Version 12.00
Project("{F2A71F9B-5D33-465A-A702-920D77279786}") = "todo-api.core", "src\todo-api.core\todo-api.core.fsproj", "{5069571E-4BA1-4808-A179-06997AED4CE4}"
EndProject
Project("{F2A71F9B-5D33-465A-A702-920D77279786}") = "todo-api.application", "src\todo-api.application\todo-api.application.fsproj", "{32226C50-C4B6-4B02-9890-25EDA9600800}"
EndProject
Project("{F2A71F9B-5D33-465A-A702-920D77279786}") = "todo-api.infrastructure", "src\todo-api.infrastructure\todo-api.infrastructure.fsproj", "{C866328D-55FB-43DA-84E9-8297BD39ED2D}"
EndProject
Project("{F2A71F9B-5D33-465A-A702-920D77279786}") = "todo-api.web", "src\todo-api.web\todo-api.web.fsproj", "{4392A82C-932C-47BD-85CE-1FE169902C2A}"
EndProject
Project("{F2A71F9B-5D33-465A-A702-920D77279786}") = "todo-api.tests", "tests\todo-api.tests\todo-api.tests.fsproj", "{B22F3B55-972E-4B85-BCE7-EBF3AED6AC22}"
EndProject
Global
	GlobalSection(SolutionConfigurationPlatforms) = preSolution
		Debug|Any CPU = Debug|Any CPU
		Release|Any CPU = Release|Any CPU
	EndGlobalSection
	GlobalSection(ProjectConfigurationPlatforms) = postSolution
		{5069571E-4BA1-4808-A179-06997AED4CE4}.Debug|Any CPU.ActiveCfg = Debug|Any CPU
		{5069571E-4BA1-4808-A179-06997AED4CE4}.Debug|Any CPU.Build.0 = Debug|Any CPU
		{5069571E-4BA1-4808-A179-06997AED4CE4}.Release|Any CPU.ActiveCfg = Release|Any CPU
		{5069571E-4BA1-4808-A179-06997AED4CE4}.Release|Any CPU.Build.0 = Release|Any CPU
		{32226C50-C4B6-4B02-9890-25EDA9600800}.Debug|Any CPU.ActiveCfg = Debug|Any CPU
		{32226C50-C4B6-4B02-9890-25EDA9600800}.Debug|Any CPU.Build.0 = Debug|Any CPU
		{32226C50-C4B6-4B02-9890-25EDA9600800}.Release|Any CPU.ActiveCfg = Release|Any CPU
		{32226C50-C4B6-4B02-9890-25EDA9600800}.Release|Any CPU.Build.0 = Release|Any CPU
		{C866328D-55FB-43DA-84E9-8297BD39ED2D}.Debug|Any CPU.ActiveCfg = Debug|Any CPU
		{C866328D-55FB-43DA-84E9-8297BD39ED2D}.Debug|Any CPU.Build.0 = Debug|Any CPU
		{C866328D-55FB-43DA-84E9-8297BD39ED2D}.Release|Any CPU.ActiveCfg = Release|Any CPU
		{C866328D-55FB-43DA-84E9-8297BD39ED2D}.Release|Any CPU.Build.0 = Release|Any CPU
		{4392A82C-932C-47BD-85CE-1FE169902C2A}.Debug|Any CPU.ActiveCfg = Debug|Any CPU
		{4392A82C-932C-47BD-85CE-1FE169902C2A}.Debug|Any CPU.Build.0 = Debug|Any CPU
		{4392A82C-932C-47BD-85CE-1FE169902C2A}.Release|Any CPU.ActiveCfg = Release|Any CPU
		{4392A82C-932C-47BD-85CE-1FE169902C2A}.Release|Any CPU.Build.0 = Release|Any CPU
		{B22F3B55-972E-4B85-BCE7-EBF3AED6AC22}.Debug|Any CPU.ActiveCfg = Debug|Any CPU
		{B22F3B55-972E-4B85-BCE7-EBF3AED6AC22}.Debug|Any CPU.Build.0 = Debug|Any CPU
		{B22F3B55-972E-4B85-BCE7-EBF3AED6AC22}.Release|Any CPU.ActiveCfg = Release|Any CPU
		{B22F3B55-972E-4B85-BCE7-EBF3AED6AC22}.Release|Any CPU.Build.0 = Release|Any CPU
	EndGlobalSection
EndGlobal
