
Microsoft Visual Studio Solution File, Format Version 12.00
Project("{F2A71F9B-5D33-465A-A702-920D77279786}") = "TodoApi.Core", "src\TodoApi.Core\TodoApi.Core.fsproj", "{5069571E-4BA1-4808-A179-06997AED4CE4}"
EndProject
Project("{F2A71F9B-5D33-465A-A702-920D77279786}") = "TodoApi.Application", "src\TodoApi.Application\TodoApi.Application.fsproj", "{32226C50-C4B6-4B02-9890-25EDA9600800}"
EndProject
Project("{F2A71F9B-5D33-465A-A702-920D77279786}") = "TodoApi.Infrastructure", "src\TodoApi.Infrastructure\TodoApi.Infrastructure.fsproj", "{C866328D-55FB-43DA-84E9-8297BD39ED2D}"
EndProject
Project("{F2A71F9B-5D33-465A-A702-920D77279786}") = "TodoApi.Web", "src\TodoApi.Web\TodoApi.Web.fsproj", "{4392A82C-932C-47BD-85CE-1FE169902C2A}"
EndProject
Project("{F2A71F9B-5D33-465A-A702-920D77279786}") = "TodoApi.tests", "tests\TodoApi.Tests\TodoApi.Tests.fsproj", "{B22F3B55-972E-4B85-BCE7-EBF3AED6AC22}"
EndProject
Project("{F2A71F9B-5D33-465A-A702-920D77279786}") = "TodoApi.IntegrationTests", "tests\TodoApi.IntegrationTests\TodoApi.IntegrationTests.fsproj", "{8C13DD8E-2285-44AF-8B6B-36EC5CE4E2D6}"
EndProject
Global
	GlobalSection(SolutionConfigurationPlatforms) = preSolution
		Debug|Any CPU = Debug|Any CPU
		Release|Any CPU = Release|Any CPU
	EndGlobalSection
	GlobalSection(ProjectConfigurationPlatforms) = postSolution
		{5069571E-4BA1-4808-A179-06997AED4CE4}.Debug|Any CPU.ActiveCfg = Debug|Any CPU
		{5069571E-4BA1-4808-A179-06997AED4CE4}.Debug|Any CPU.Build.0 = Debug|Any CPU
		{5069571E-4BA1-4808-A179-06997AED4CE4}.Release|Any CPU.ActiveCfg = Release|Any CPU
		{5069571E-4BA1-4808-A179-06997AED4CE4}.Release|Any CPU.Build.0 = Release|Any CPU
		{32226C50-C4B6-4B02-9890-25EDA9600800}.Debug|Any CPU.ActiveCfg = Debug|Any CPU
		{32226C50-C4B6-4B02-9890-25EDA9600800}.Debug|Any CPU.Build.0 = Debug|Any CPU
		{32226C50-C4B6-4B02-9890-25EDA9600800}.Release|Any CPU.ActiveCfg = Release|Any CPU
		{32226C50-C4B6-4B02-9890-25EDA9600800}.Release|Any CPU.Build.0 = Release|Any CPU
		{C866328D-55FB-43DA-84E9-8297BD39ED2D}.Debug|Any CPU.ActiveCfg = Debug|Any CPU
		{C866328D-55FB-43DA-84E9-8297BD39ED2D}.Debug|Any CPU.Build.0 = Debug|Any CPU
		{C866328D-55FB-43DA-84E9-8297BD39ED2D}.Release|Any CPU.ActiveCfg = Release|Any CPU
		{C866328D-55FB-43DA-84E9-8297BD39ED2D}.Release|Any CPU.Build.0 = Release|Any CPU
		{4392A82C-932C-47BD-85CE-1FE169902C2A}.Debug|Any CPU.ActiveCfg = Debug|Any CPU
		{4392A82C-932C-47BD-85CE-1FE169902C2A}.Debug|Any CPU.Build.0 = Debug|Any CPU
		{4392A82C-932C-47BD-85CE-1FE169902C2A}.Release|Any CPU.ActiveCfg = Release|Any CPU
		{4392A82C-932C-47BD-85CE-1FE169902C2A}.Release|Any CPU.Build.0 = Release|Any CPU
		{B22F3B55-972E-4B85-BCE7-EBF3AED6AC22}.Debug|Any CPU.ActiveCfg = Debug|Any CPU
		{B22F3B55-972E-4B85-BCE7-EBF3AED6AC22}.Debug|Any CPU.Build.0 = Debug|Any CPU
		{B22F3B55-972E-4B85-BCE7-EBF3AED6AC22}.Release|Any CPU.ActiveCfg = Release|Any CPU
		{B22F3B55-972E-4B85-BCE7-EBF3AED6AC22}.Release|Any CPU.Build.0 = Release|Any CPU
		{8C13DD8E-2285-44AF-8B6B-36EC5CE4E2D6}.Debug|Any CPU.ActiveCfg = Debug|Any CPU
		{8C13DD8E-2285-44AF-8B6B-36EC5CE4E2D6}.Debug|Any CPU.Build.0 = Debug|Any CPU
		{8C13DD8E-2285-44AF-8B6B-36EC5CE4E2D6}.Release|Any CPU.ActiveCfg = Release|Any CPU
		{8C13DD8E-2285-44AF-8B6B-36EC5CE4E2D6}.Release|Any CPU.Build.0 = Release|Any CPU
		{C5D383F1-13DE-40ED-A72F-9C8F789A1E95}.Debug|Any CPU.ActiveCfg = Debug|Any CPU
		{C5D383F1-13DE-40ED-A72F-9C8F789A1E95}.Debug|Any CPU.Build.0 = Debug|Any CPU
		{C5D383F1-13DE-40ED-A72F-9C8F789A1E95}.Release|Any CPU.ActiveCfg = Release|Any CPU
		{C5D383F1-13DE-40ED-A72F-9C8F789A1E95}.Release|Any CPU.Build.0 = Release|Any CPU
	EndGlobalSection
EndGlobal
